<?xml version="1.0" encoding="utf-8"?>
<Project ToolsVersion="4.0" xmlns="http://schemas.microsoft.com/developer/msbuild/2003">
  <ItemGroup>
    <Filter Include="Source Files">
      <UniqueIdentifier>{4FC737F1-C7A5-4376-A066-2A32D752A2FF}</UniqueIdentifier>
      <Extensions>cpp;c;cc;cxx;def;odl;idl;hpj;bat;asm;asmx</Extensions>
    </Filter>
    <Filter Include="Header Files">
      <UniqueIdentifier>{93995380-89BD-4b04-88EB-625FBE52EBFB}</UniqueIdentifier>
      <Extensions>h;hh;hpp;hxx;hm;inl;inc;xsd</Extensions>
    </Filter>
    <Filter Include="Resource Files">
      <UniqueIdentifier>{67DA6AB6-F800-4c08-8B7A-83BB121AAD01}</UniqueIdentifier>
      <Extensions>rc;ico;cur;bmp;dlg;rc2;rct;bin;rgs;gif;jpg;jpeg;jpe;resx;tiff;tif;png;wav;mfcribbon-ms</Extensions>
    </Filter>
    <Filter Include="Tests">
      <UniqueIdentifier>{64e89e0f-3dde-411e-8196-a63bc2166f42}</UniqueIdentifier>
    </Filter>
    <Filter Include="jsmn">
      <UniqueIdentifier>{a8b8fe6c-3805-40e1-b43d-4b21efa5643f}</UniqueIdentifier>
    </Filter>
  </ItemGroup>
  <ItemGroup>
    <Text Include="ReadMe.txt" />
  </ItemGroup>
  <ItemGroup>
    <ClInclude Include="VisualJSON.h">
      <Filter>Header Files</Filter>
    </ClInclude>
    <ClInclude Include="VisualJSONDlg.h">
      <Filter>Header Files</Filter>
    </ClInclude>
    <ClInclude Include="stdafx.h">
      <Filter>Header Files</Filter>
    </ClInclude>
    <ClInclude Include="targetver.h">
      <Filter>Header Files</Filter>
    </ClInclude>
    <ClInclude Include="Resource.h">
      <Filter>Header Files</Filter>
    </ClInclude>
    <ClInclude Include="DialogKeyValue.h">
      <Filter>Header Files</Filter>
    </ClInclude>
    <ClInclude Include="PrintMessageManager.h">
      <Filter>Header Files</Filter>
    </ClInclude>
    <ClInclude Include="SimpleInputDialog.h">
      <Filter>Header Files</Filter>
    </ClInclude>
    <ClInclude Include="VJSONBasicVal.h">
      <Filter>Header Files</Filter>
    </ClInclude>
    <ClInclude Include="VJSONElement.h">
      <Filter>Header Files</Filter>
    </ClInclude>
    <ClInclude Include="FloatingPointNumberToStr.h">
      <Filter>Header Files</Filter>
    </ClInclude>
    <ClInclude Include="VJSONObject.h">
      <Filter>Header Files</Filter>
    </ClInclude>
    <ClInclude Include="VJSONArray.h">
      <Filter>Header Files</Filter>
    </ClInclude>
    <ClInclude Include="VJSONBasicValTest.h">
      <Filter>Tests</Filter>
    </ClInclude>
    <ClInclude Include="ImportAsciiTextJSON.h">
      <Filter>Header Files</Filter>
    </ClInclude>
    <ClInclude Include="jsmn.h">
      <Filter>jsmn</Filter>
    </ClInclude>
    <ClInclude Include="VJSONObjectTemplate.h">
      <Filter>Header Files</Filter>
    </ClInclude>
    <ClInclude Include="MilString.h">
      <Filter>Header Files</Filter>
    </ClInclude>
    <ClInclude Include="VJSONString.h">
      <Filter>Header Files</Filter>
    </ClInclude>
    <ClInclude Include="VJSONStringTest.h">
      <Filter>Tests</Filter>
    </ClInclude>
    <ClInclude Include="jsmn_test.h">
      <Filter>Tests</Filter>
    </ClInclude>
    <ClInclude Include="VJSONObjectTemplateTest.h">
      <Filter>Tests</Filter>
    </ClInclude>
    <ClInclude Include="VJSONArrayTest.h">
      <Filter>Tests</Filter>
    </ClInclude>
    <ClInclude Include="VJSONObjectTest.h">
      <Filter>Tests</Filter>
    </ClInclude>
    <ClInclude Include="VJSONElementTest.h">
      <Filter>Tests</Filter>
    </ClInclude>
    <ClInclude Include="TestRunner.h">
      <Filter>Tests</Filter>
    </ClInclude>
    <ClInclude Include="ExportAsciiTextJSON.h">
      <Filter>Header Files</Filter>
    </ClInclude>
    <ClInclude Include="DialogSelectObjectTemplate.h">
      <Filter>Header Files</Filter>
    </ClInclude>
    <ClInclude Include="MilPathStringFunctions.h">
      <Filter>Header Files</Filter>
    </ClInclude>
    <ClInclude Include="VisualJSONSettings.h">
      <Filter>Header Files</Filter>
    </ClInclude>
  </ItemGroup>
  <ItemGroup>
    <ClCompile Include="VisualJSON.cpp">
      <Filter>Source Files</Filter>
    </ClCompile>
    <ClCompile Include="VisualJSONDlg.cpp">
      <Filter>Source Files</Filter>
    </ClCompile>
    <ClCompile Include="stdafx.cpp">
      <Filter>Source Files</Filter>
    </ClCompile>
    <ClCompile Include="DialogKeyValue.cpp">
      <Filter>Source Files</Filter>
    </ClCompile>
    <ClCompile Include="PrintMessageManager.cpp">
      <Filter>Source Files</Filter>
    </ClCompile>
    <ClCompile Include="SimpleInputDialog.cpp">
      <Filter>Source Files</Filter>
    </ClCompile>
    <ClCompile Include="VJSONBasicVal.cpp">
      <Filter>Source Files</Filter>
    </ClCompile>
    <ClCompile Include="VJSONObject.cpp">
      <Filter>Source Files</Filter>
    </ClCompile>
    <ClCompile Include="VJSONElement.cpp">
      <Filter>Source Files</Filter>
    </ClCompile>
    <ClCompile Include="VJSONArray.cpp">
      <Filter>Source Files</Filter>
    </ClCompile>
    <ClCompile Include="VJSONBasicValTest.cpp">
      <Filter>Tests</Filter>
    </ClCompile>
    <ClCompile Include="ImportAsciiTextJSON.cpp">
      <Filter>Source Files</Filter>
    </ClCompile>
    <ClCompile Include="jsmn.cpp">
      <Filter>jsmn</Filter>
    </ClCompile>
    <ClCompile Include="VJSONObjectTemplate.cpp">
      <Filter>Source Files</Filter>
    </ClCompile>
    <ClCompile Include="jsmn_test.cpp">
      <Filter>Tests</Filter>
    </ClCompile>
    <ClCompile Include="VJSONString.cpp">
      <Filter>Source Files</Filter>
    </ClCompile>
    <ClCompile Include="VJSONStringTest.cpp">
      <Filter>Tests</Filter>
    </ClCompile>
    <ClCompile Include="VJSONObjectTemplateTest.cpp">
      <Filter>Tests</Filter>
    </ClCompile>
    <ClCompile Include="VJSONArrayTest.cpp">
      <Filter>Tests</Filter>
    </ClCompile>
    <ClCompile Include="VJSONObjectTest.cpp">
      <Filter>Tests</Filter>
    </ClCompile>
    <ClCompile Include="VJSONElementTest.cpp">
      <Filter>Tests</Filter>
    </ClCompile>
    <ClCompile Include="TestRunner.cpp">
      <Filter>Tests</Filter>
    </ClCompile>
    <ClCompile Include="ExportAsciiTextJSON.cpp">
      <Filter>Source Files</Filter>
    </ClCompile>
    <ClCompile Include="DialogSelectObjectTemplate.cpp">
      <Filter>Source Files</Filter>
    </ClCompile>
    <ClCompile Include="MilPathStringFunctions.cpp">
      <Filter>Source Files</Filter>
    </ClCompile>
    <ClCompile Include="VisualJSONSettings.cpp">
      <Filter>Source Files</Filter>
    </ClCompile>
  </ItemGroup>
  <ItemGroup>
    <ResourceCompile Include="VisualJSON.rc">
      <Filter>Resource Files</Filter>
    </ResourceCompile>
  </ItemGroup>
  <ItemGroup>
    <None Include="res\VisualJSON.rc2">
      <Filter>Resource Files</Filter>
    </None>
  </ItemGroup>
  <ItemGroup>
    <Image Include="res\VisualJSON.ico">
      <Filter>Resource Files</Filter>
    </Image>
  </ItemGroup>
</Project>